
Microsoft Visual Studio Solution File, Format Version 12.00
# Visual Studio Version 17
VisualStudioVersion = 17.6.33815.320
MinimumVisualStudioVersion = 10.0.40219.1
Project("{FAE04EC0-301F-11D3-BF4B-00C04F79EFBC}") = "LINQ Introduction To DeferredExecution", "LINQ Introduction To DeferredExecution\LINQ Introduction To DeferredExecution.csproj", "{1C9C8A20-FD41-4CA0-97DD-95B32CF37CC7}"
EndProject
Global
	GlobalSection(SolutionConfigurationPlatforms) = preSolution
		Debug|Any CPU = Debug|Any CPU
		Release|Any CPU = Release|Any CPU
	EndGlobalSection
	GlobalSection(ProjectConfigurationPlatforms) = postSolution
		{1C9C8A20-FD41-4CA0-97DD-95B32CF37CC7}.Debug|Any CPU.ActiveCfg = Debug|Any CPU
		{1C9C8A20-FD41-4CA0-97DD-95B32CF37CC7}.Debug|Any CPU.Build.0 = Debug|Any CPU
		{1C9C8A20-FD41-4CA0-97DD-95B32CF37CC7}.Release|Any CPU.ActiveCfg = Release|Any CPU
		{1C9C8A20-FD41-4CA0-97DD-95B32CF37CC7}.Release|Any CPU.Build.0 = Release|Any CPU
	EndGlobalSection
	GlobalSection(SolutionProperties) = preSolution
		HideSolutionNode = FALSE
	EndGlobalSection
	GlobalSection(ExtensibilityGlobals) = postSolution
		SolutionGuid = {724C9436-37F3-4DF7-AEEC-8EEC26A58438}
	EndGlobalSection
EndGlobal
